// !$*UTF8*$!
{
	archiveVersion = 1;
	classes = {
	};
	objectVersion = 55;
	objects = {

/* Begin PBXBuildFile section */
		2274A4D9AF5BB491C3F32BE4 /* Pods_InstagramTests.framework in Frameworks */ = {isa = PBXBuildFile; fileRef = 6AF45BAB056E3567C02B037F /* Pods_InstagramTests.framework */; };
		471CB69B27ED14D300540ACB /* AppDelegate.swift in Sources */ = {isa = PBXBuildFile; fileRef = 471CB69A27ED14D300540ACB /* AppDelegate.swift */; };
		471CB69D27ED14D300540ACB /* SceneDelegate.swift in Sources */ = {isa = PBXBuildFile; fileRef = 471CB69C27ED14D300540ACB /* SceneDelegate.swift */; };
		471CB6A227ED14D300540ACB /* Main.storyboard in Resources */ = {isa = PBXBuildFile; fileRef = 471CB6A027ED14D300540ACB /* Main.storyboard */; };
		471CB6A427ED14D500540ACB /* Assets.xcassets in Resources */ = {isa = PBXBuildFile; fileRef = 471CB6A327ED14D500540ACB /* Assets.xcassets */; };
		471CB6A727ED14D500540ACB /* LaunchScreen.storyboard in Resources */ = {isa = PBXBuildFile; fileRef = 471CB6A527ED14D500540ACB /* LaunchScreen.storyboard */; };
		471CB6B227ED14D500540ACB /* InstagramTests.swift in Sources */ = {isa = PBXBuildFile; fileRef = 471CB6B127ED14D500540ACB /* InstagramTests.swift */; };
		471CB6BC27ED14D500540ACB /* InstagramUITests.swift in Sources */ = {isa = PBXBuildFile; fileRef = 471CB6BB27ED14D500540ACB /* InstagramUITests.swift */; };
		471CB6BE27ED14D500540ACB /* InstagramUITestsLaunchTests.swift in Sources */ = {isa = PBXBuildFile; fileRef = 471CB6BD27ED14D500540ACB /* InstagramUITestsLaunchTests.swift */; };
		471CB6CB27ED192800540ACB /* LoginViewController.swift in Sources */ = {isa = PBXBuildFile; fileRef = 471CB6CA27ED192800540ACB /* LoginViewController.swift */; };
		471CB6CD27ED193400540ACB /* FeedViewController.swift in Sources */ = {isa = PBXBuildFile; fileRef = 471CB6CC27ED193400540ACB /* FeedViewController.swift */; };
		471CB6CF27ED217C00540ACB /* CameraViewController.swift in Sources */ = {isa = PBXBuildFile; fileRef = 471CB6CE27ED217C00540ACB /* CameraViewController.swift */; };
		479256E427ED39FC00DF4A87 /* PostCell.swift in Sources */ = {isa = PBXBuildFile; fileRef = 479256E327ED39FC00DF4A87 /* PostCell.swift */; };
		7678785EEB15C2BE5E8F5C06 /* Pods_Instagram.framework in Frameworks */ = {isa = PBXBuildFile; fileRef = B4D577F8A04A27A1E54BC43B /* Pods_Instagram.framework */; };
		E6263AE7D320EF926B2DA2A8 /* Pods_Instagram_InstagramUITests.framework in Frameworks */ = {isa = PBXBuildFile; fileRef = 5B23CF376B43F6923D4EA103 /* Pods_Instagram_InstagramUITests.framework */; };
/* End PBXBuildFile section */

/* Begin PBXContainerItemProxy section */
		471CB6AE27ED14D500540ACB /* PBXContainerItemProxy */ = {
			isa = PBXContainerItemProxy;
			containerPortal = 471CB68F27ED14D200540ACB /* Project object */;
			proxyType = 1;
			remoteGlobalIDString = 471CB69627ED14D300540ACB;
			remoteInfo = Instagram;
		};
		471CB6B827ED14D500540ACB /* PBXContainerItemProxy */ = {
			isa = PBXContainerItemProxy;
			containerPortal = 471CB68F27ED14D200540ACB /* Project object */;
			proxyType = 1;
			remoteGlobalIDString = 471CB69627ED14D300540ACB;
			remoteInfo = Instagram;
		};
/* End PBXContainerItemProxy section */

/* Begin PBXFileReference section */
		3B5306C1220A096D063348B4 /* Pods-Instagram.debug.xcconfig */ = {isa = PBXFileReference; includeInIndex = 1; lastKnownFileType = text.xcconfig; name = "Pods-Instagram.debug.xcconfig"; path = "Target Support Files/Pods-Instagram/Pods-Instagram.debug.xcconfig"; sourceTree = "<group>"; };
		471CB69727ED14D300540ACB /* Instagram.app */ = {isa = PBXFileReference; explicitFileType = wrapper.application; includeInIndex = 0; path = Instagram.app; sourceTree = BUILT_PRODUCTS_DIR; };
		471CB69A27ED14D300540ACB /* AppDelegate.swift */ = {isa = PBXFileReference; lastKnownFileType = sourcecode.swift; path = AppDelegate.swift; sourceTree = "<group>"; };
		471CB69C27ED14D300540ACB /* SceneDelegate.swift */ = {isa = PBXFileReference; lastKnownFileType = sourcecode.swift; path = SceneDelegate.swift; sourceTree = "<group>"; };
		471CB6A127ED14D300540ACB /* Base */ = {isa = PBXFileReference; lastKnownFileType = file.storyboard; name = Base; path = Base.lproj/Main.storyboard; sourceTree = "<group>"; };
		471CB6A327ED14D500540ACB /* Assets.xcassets */ = {isa = PBXFileReference; lastKnownFileType = folder.assetcatalog; path = Assets.xcassets; sourceTree = "<group>"; };
		471CB6A627ED14D500540ACB /* Base */ = {isa = PBXFileReference; lastKnownFileType = file.storyboard; name = Base; path = Base.lproj/LaunchScreen.storyboard; sourceTree = "<group>"; };
		471CB6A827ED14D500540ACB /* Info.plist */ = {isa = PBXFileReference; lastKnownFileType = text.plist.xml; path = Info.plist; sourceTree = "<group>"; };
		471CB6AD27ED14D500540ACB /* InstagramTests.xctest */ = {isa = PBXFileReference; explicitFileType = wrapper.cfbundle; includeInIndex = 0; path = InstagramTests.xctest; sourceTree = BUILT_PRODUCTS_DIR; };
		471CB6B127ED14D500540ACB /* InstagramTests.swift */ = {isa = PBXFileReference; lastKnownFileType = sourcecode.swift; path = InstagramTests.swift; sourceTree = "<group>"; };
		471CB6B727ED14D500540ACB /* InstagramUITests.xctest */ = {isa = PBXFileReference; explicitFileType = wrapper.cfbundle; includeInIndex = 0; path = InstagramUITests.xctest; sourceTree = BUILT_PRODUCTS_DIR; };
		471CB6BB27ED14D500540ACB /* InstagramUITests.swift */ = {isa = PBXFileReference; lastKnownFileType = sourcecode.swift; path = InstagramUITests.swift; sourceTree = "<group>"; };
		471CB6BD27ED14D500540ACB /* InstagramUITestsLaunchTests.swift */ = {isa = PBXFileReference; lastKnownFileType = sourcecode.swift; path = InstagramUITestsLaunchTests.swift; sourceTree = "<group>"; };
		471CB6CA27ED192800540ACB /* LoginViewController.swift */ = {isa = PBXFileReference; lastKnownFileType = sourcecode.swift; path = LoginViewController.swift; sourceTree = "<group>"; };
		471CB6CC27ED193400540ACB /* FeedViewController.swift */ = {isa = PBXFileReference; lastKnownFileType = sourcecode.swift; path = FeedViewController.swift; sourceTree = "<group>"; };
		471CB6CE27ED217C00540ACB /* CameraViewController.swift */ = {isa = PBXFileReference; lastKnownFileType = sourcecode.swift; path = CameraViewController.swift; sourceTree = "<group>"; };
		479256E327ED39FC00DF4A87 /* PostCell.swift */ = {isa = PBXFileReference; lastKnownFileType = sourcecode.swift; path = PostCell.swift; sourceTree = "<group>"; };
		5B23CF376B43F6923D4EA103 /* Pods_Instagram_InstagramUITests.framework */ = {isa = PBXFileReference; explicitFileType = wrapper.framework; includeInIndex = 0; path = Pods_Instagram_InstagramUITests.framework; sourceTree = BUILT_PRODUCTS_DIR; };
		621E7DF5AB82C007B8F792EE /* Pods-Instagram.release.xcconfig */ = {isa = PBXFileReference; includeInIndex = 1; lastKnownFileType = text.xcconfig; name = "Pods-Instagram.release.xcconfig"; path = "Target Support Files/Pods-Instagram/Pods-Instagram.release.xcconfig"; sourceTree = "<group>"; };
		6AF45BAB056E3567C02B037F /* Pods_InstagramTests.framework */ = {isa = PBXFileReference; explicitFileType = wrapper.framework; includeInIndex = 0; path = Pods_InstagramTests.framework; sourceTree = BUILT_PRODUCTS_DIR; };
		8391DFDFBBD71683FC57F9B0 /* Pods-InstagramTests.release.xcconfig */ = {isa = PBXFileReference; includeInIndex = 1; lastKnownFileType = text.xcconfig; name = "Pods-InstagramTests.release.xcconfig"; path = "Target Support Files/Pods-InstagramTests/Pods-InstagramTests.release.xcconfig"; sourceTree = "<group>"; };
		B4D577F8A04A27A1E54BC43B /* Pods_Instagram.framework */ = {isa = PBXFileReference; explicitFileType = wrapper.framework; includeInIndex = 0; path = Pods_Instagram.framework; sourceTree = BUILT_PRODUCTS_DIR; };
		B9018B11B2D7F598FEBE9576 /* Pods-Instagram-InstagramUITests.release.xcconfig */ = {isa = PBXFileReference; includeInIndex = 1; lastKnownFileType = text.xcconfig; name = "Pods-Instagram-InstagramUITests.release.xcconfig"; path = "Target Support Files/Pods-Instagram-InstagramUITests/Pods-Instagram-InstagramUITests.release.xcconfig"; sourceTree = "<group>"; };
		C63B602376437B2158EDB5E1 /* Pods-InstagramTests.debug.xcconfig */ = {isa = PBXFileReference; includeInIndex = 1; lastKnownFileType = text.xcconfig; name = "Pods-InstagramTests.debug.xcconfig"; path = "Target Support Files/Pods-InstagramTests/Pods-InstagramTests.debug.xcconfig"; sourceTree = "<group>"; };
		F5285E1DF6180728467E945B /* Pods-Instagram-InstagramUITests.debug.xcconfig */ = {isa = PBXFileReference; includeInIndex = 1; lastKnownFileType = text.xcconfig; name = "Pods-Instagram-InstagramUITests.debug.xcconfig"; path = "Target Support Files/Pods-Instagram-InstagramUITests/Pods-Instagram-InstagramUITests.debug.xcconfig"; sourceTree = "<group>"; };
/* End PBXFileReference section */

/* Begin PBXFrameworksBuildPhase section */
		471CB69427ED14D300540ACB /* Frameworks */ = {
			isa = PBXFrameworksBuildPhase;
			buildActionMask = 2147483647;
			files = (
				7678785EEB15C2BE5E8F5C06 /* Pods_Instagram.framework in Frameworks */,
			);
			runOnlyForDeploymentPostprocessing = 0;
		};
		471CB6AA27ED14D500540ACB /* Frameworks */ = {
			isa = PBXFrameworksBuildPhase;
			buildActionMask = 2147483647;
			files = (
				2274A4D9AF5BB491C3F32BE4 /* Pods_InstagramTests.framework in Frameworks */,
			);
			runOnlyForDeploymentPostprocessing = 0;
		};
		471CB6B427ED14D500540ACB /* Frameworks */ = {
			isa = PBXFrameworksBuildPhase;
			buildActionMask = 2147483647;
			files = (
				E6263AE7D320EF926B2DA2A8 /* Pods_Instagram_InstagramUITests.framework in Frameworks */,
			);
			runOnlyForDeploymentPostprocessing = 0;
		};
/* End PBXFrameworksBuildPhase section */

/* Begin PBXGroup section */
		3928D89ED4D2D8CCB7F2F1F3 /* Frameworks */ = {
			isa = PBXGroup;
			children = (
				B4D577F8A04A27A1E54BC43B /* Pods_Instagram.framework */,
				5B23CF376B43F6923D4EA103 /* Pods_Instagram_InstagramUITests.framework */,
				6AF45BAB056E3567C02B037F /* Pods_InstagramTests.framework */,
			);
			name = Frameworks;
			sourceTree = "<group>";
		};
		471CB68E27ED14D200540ACB = {
			isa = PBXGroup;
			children = (
				471CB69927ED14D300540ACB /* Instagram */,
				471CB6B027ED14D500540ACB /* InstagramTests */,
				471CB6BA27ED14D500540ACB /* InstagramUITests */,
				471CB69827ED14D300540ACB /* Products */,
				EC413837B5B5B4C7E3EDE191 /* Pods */,
				3928D89ED4D2D8CCB7F2F1F3 /* Frameworks */,
			);
			sourceTree = "<group>";
		};
		471CB69827ED14D300540ACB /* Products */ = {
			isa = PBXGroup;
			children = (
				471CB69727ED14D300540ACB /* Instagram.app */,
				471CB6AD27ED14D500540ACB /* InstagramTests.xctest */,
				471CB6B727ED14D500540ACB /* InstagramUITests.xctest */,
			);
			name = Products;
			sourceTree = "<group>";
		};
		471CB69927ED14D300540ACB /* Instagram */ = {
			isa = PBXGroup;
			children = (
				471CB69A27ED14D300540ACB /* AppDelegate.swift */,
				471CB69C27ED14D300540ACB /* SceneDelegate.swift */,
				471CB6A027ED14D300540ACB /* Main.storyboard */,
				471CB6A327ED14D500540ACB /* Assets.xcassets */,
				471CB6A527ED14D500540ACB /* LaunchScreen.storyboard */,
				471CB6A827ED14D500540ACB /* Info.plist */,
				471CB6CA27ED192800540ACB /* LoginViewController.swift */,
				471CB6CC27ED193400540ACB /* FeedViewController.swift */,
				471CB6CE27ED217C00540ACB /* CameraViewController.swift */,
				479256E327ED39FC00DF4A87 /* PostCell.swift */,
			);
			path = Instagram;
			sourceTree = "<group>";
		};
		471CB6B027ED14D500540ACB /* InstagramTests */ = {
			isa = PBXGroup;
			children = (
				471CB6B127ED14D500540ACB /* InstagramTests.swift */,
			);
			path = InstagramTests;
			sourceTree = "<group>";
		};
		471CB6BA27ED14D500540ACB /* InstagramUITests */ = {
			isa = PBXGroup;
			children = (
				471CB6BB27ED14D500540ACB /* InstagramUITests.swift */,
				471CB6BD27ED14D500540ACB /* InstagramUITestsLaunchTests.swift */,
			);
			path = InstagramUITests;
			sourceTree = "<group>";
		};
		EC413837B5B5B4C7E3EDE191 /* Pods */ = {
			isa = PBXGroup;
			children = (
				3B5306C1220A096D063348B4 /* Pods-Instagram.debug.xcconfig */,
				621E7DF5AB82C007B8F792EE /* Pods-Instagram.release.xcconfig */,
				F5285E1DF6180728467E945B /* Pods-Instagram-InstagramUITests.debug.xcconfig */,
				B9018B11B2D7F598FEBE9576 /* Pods-Instagram-InstagramUITests.release.xcconfig */,
				C63B602376437B2158EDB5E1 /* Pods-InstagramTests.debug.xcconfig */,
				8391DFDFBBD71683FC57F9B0 /* Pods-InstagramTests.release.xcconfig */,
			);
			path = Pods;
			sourceTree = "<group>";
		};
/* End PBXGroup section */

/* Begin PBXNativeTarget section */
		471CB69627ED14D300540ACB /* Instagram */ = {
			isa = PBXNativeTarget;
			buildConfigurationList = 471CB6C127ED14D500540ACB /* Build configuration list for PBXNativeTarget "Instagram" */;
			buildPhases = (
				2B86A93369483A1D7DFC4D99 /* [CP] Check Pods Manifest.lock */,
				471CB69327ED14D300540ACB /* Sources */,
				471CB69427ED14D300540ACB /* Frameworks */,
				471CB69527ED14D300540ACB /* Resources */,
				D69DB45E42C3EDEC6ABC619D /* [CP] Embed Pods Frameworks */,
			);
			buildRules = (
			);
			dependencies = (
			);
			name = Instagram;
			productName = Instagram;
			productReference = 471CB69727ED14D300540ACB /* Instagram.app */;
			productType = "com.apple.product-type.application";
		};
		471CB6AC27ED14D500540ACB /* InstagramTests */ = {
			isa = PBXNativeTarget;
			buildConfigurationList = 471CB6C427ED14D500540ACB /* Build configuration list for PBXNativeTarget "InstagramTests" */;
			buildPhases = (
				C21378B6E644BBC38C12CAAA /* [CP] Check Pods Manifest.lock */,
				471CB6A927ED14D500540ACB /* Sources */,
				471CB6AA27ED14D500540ACB /* Frameworks */,
				471CB6AB27ED14D500540ACB /* Resources */,
			);
			buildRules = (
			);
			dependencies = (
				471CB6AF27ED14D500540ACB /* PBXTargetDependency */,
			);
			name = InstagramTests;
			productName = InstagramTests;
			productReference = 471CB6AD27ED14D500540ACB /* InstagramTests.xctest */;
			productType = "com.apple.product-type.bundle.unit-test";
		};
		471CB6B627ED14D500540ACB /* InstagramUITests */ = {
			isa = PBXNativeTarget;
			buildConfigurationList = 471CB6C727ED14D500540ACB /* Build configuration list for PBXNativeTarget "InstagramUITests" */;
			buildPhases = (
				76397DA864F6B7D50A32AD17 /* [CP] Check Pods Manifest.lock */,
				471CB6B327ED14D500540ACB /* Sources */,
				471CB6B427ED14D500540ACB /* Frameworks */,
				471CB6B527ED14D500540ACB /* Resources */,
				771B7FBF613F7FC07BC9982B /* [CP] Embed Pods Frameworks */,
			);
			buildRules = (
			);
			dependencies = (
				471CB6B927ED14D500540ACB /* PBXTargetDependency */,
			);
			name = InstagramUITests;
			productName = InstagramUITests;
			productReference = 471CB6B727ED14D500540ACB /* InstagramUITests.xctest */;
			productType = "com.apple.product-type.bundle.ui-testing";
		};
/* End PBXNativeTarget section */

/* Begin PBXProject section */
		471CB68F27ED14D200540ACB /* Project object */ = {
			isa = PBXProject;
			attributes = {
				BuildIndependentTargetsInParallel = 1;
				LastSwiftUpdateCheck = 1320;
				LastUpgradeCheck = 1320;
				TargetAttributes = {
					471CB69627ED14D300540ACB = {
						CreatedOnToolsVersion = 13.2.1;
					};
					471CB6AC27ED14D500540ACB = {
						CreatedOnToolsVersion = 13.2.1;
						TestTargetID = 471CB69627ED14D300540ACB;
					};
					471CB6B627ED14D500540ACB = {
						CreatedOnToolsVersion = 13.2.1;
						TestTargetID = 471CB69627ED14D300540ACB;
					};
				};
			};
			buildConfigurationList = 471CB69227ED14D200540ACB /* Build configuration list for PBXProject "Instagram" */;
			compatibilityVersion = "Xcode 13.0";
			developmentRegion = en;
			hasScannedForEncodings = 0;
			knownRegions = (
				en,
				Base,
			);
			mainGroup = 471CB68E27ED14D200540ACB;
			productRefGroup = 471CB69827ED14D300540ACB /* Products */;
			projectDirPath = "";
			projectRoot = "";
			targets = (
				471CB69627ED14D300540ACB /* Instagram */,
				471CB6AC27ED14D500540ACB /* InstagramTests */,
				471CB6B627ED14D500540ACB /* InstagramUITests */,
			);
		};
/* End PBXProject section */

/* Begin PBXResourcesBuildPhase section */
		471CB69527ED14D300540ACB /* Resources */ = {
			isa = PBXResourcesBuildPhase;
			buildActionMask = 2147483647;
			files = (
				471CB6A727ED14D500540ACB /* LaunchScreen.storyboard in Resources */,
				471CB6A427ED14D500540ACB /* Assets.xcassets in Resources */,
				471CB6A227ED14D300540ACB /* Main.storyboard in Resources */,
			);
			runOnlyForDeploymentPostprocessing = 0;
		};
		471CB6AB27ED14D500540ACB /* Resources */ = {
			isa = PBXResourcesBuildPhase;
			buildActionMask = 2147483647;
			files = (
			);
			runOnlyForDeploymentPostprocessing = 0;
		};
		471CB6B527ED14D500540ACB /* Resources */ = {
			isa = PBXResourcesBuildPhase;
			buildActionMask = 2147483647;
			files = (
			);
			runOnlyForDeploymentPostprocessing = 0;
		};
/* End PBXResourcesBuildPhase section */

/* Begin PBXShellScriptBuildPhase section */
		2B86A93369483A1D7DFC4D99 /* [CP] Check Pods Manifest.lock */ = {
			isa = PBXShellScriptBuildPhase;
			buildActionMask = 2147483647;
			files = (
			);
			inputFileListPaths = (
			);
			inputPaths = (
				"${PODS_PODFILE_DIR_PATH}/Podfile.lock",
				"${PODS_ROOT}/Manifest.lock",
			);
			name = "[CP] Check Pods Manifest.lock";
			outputFileListPaths = (
			);
			outputPaths = (
				"$(DERIVED_FILE_DIR)/Pods-Instagram-checkManifestLockResult.txt",
			);
			runOnlyForDeploymentPostprocessing = 0;
			shellPath = /bin/sh;
			shellScript = "diff \"${PODS_PODFILE_DIR_PATH}/Podfile.lock\" \"${PODS_ROOT}/Manifest.lock\" > /dev/null\nif [ $? != 0 ] ; then\n    # print error to STDERR\n    echo \"error: The sandbox is not in sync with the Podfile.lock. Run 'pod install' or update your CocoaPods installation.\" >&2\n    exit 1\nfi\n# This output is used by Xcode 'outputs' to avoid re-running this script phase.\necho \"SUCCESS\" > \"${SCRIPT_OUTPUT_FILE_0}\"\n";
			showEnvVarsInLog = 0;
		};
		76397DA864F6B7D50A32AD17 /* [CP] Check Pods Manifest.lock */ = {
			isa = PBXShellScriptBuildPhase;
			buildActionMask = 2147483647;
			files = (
			);
			inputFileListPaths = (
			);
			inputPaths = (
				"${PODS_PODFILE_DIR_PATH}/Podfile.lock",
				"${PODS_ROOT}/Manifest.lock",
			);
			name = "[CP] Check Pods Manifest.lock";
			outputFileListPaths = (
			);
			outputPaths = (
				"$(DERIVED_FILE_DIR)/Pods-Instagram-InstagramUITests-checkManifestLockResult.txt",
			);
			runOnlyForDeploymentPostprocessing = 0;
			shellPath = /bin/sh;
			shellScript = "diff \"${PODS_PODFILE_DIR_PATH}/Podfile.lock\" \"${PODS_ROOT}/Manifest.lock\" > /dev/null\nif [ $? != 0 ] ; then\n    # print error to STDERR\n    echo \"error: The sandbox is not in sync with the Podfile.lock. Run 'pod install' or update your CocoaPods installation.\" >&2\n    exit 1\nfi\n# This output is used by Xcode 'outputs' to avoid re-running this script phase.\necho \"SUCCESS\" > \"${SCRIPT_OUTPUT_FILE_0}\"\n";
			showEnvVarsInLog = 0;
		};
		771B7FBF613F7FC07BC9982B /* [CP] Embed Pods Frameworks */ = {
			isa = PBXShellScriptBuildPhase;
			buildActionMask = 2147483647;
			files = (
			);
			inputFileListPaths = (
				"${PODS_ROOT}/Target Support Files/Pods-Instagram-InstagramUITests/Pods-Instagram-InstagramUITests-frameworks-${CONFIGURATION}-input-files.xcfilelist",
			);
			name = "[CP] Embed Pods Frameworks";
			outputFileListPaths = (
				"${PODS_ROOT}/Target Support Files/Pods-Instagram-InstagramUITests/Pods-Instagram-InstagramUITests-frameworks-${CONFIGURATION}-output-files.xcfilelist",
			);
			runOnlyForDeploymentPostprocessing = 0;
			shellPath = /bin/sh;
			shellScript = "\"${PODS_ROOT}/Target Support Files/Pods-Instagram-InstagramUITests/Pods-Instagram-InstagramUITests-frameworks.sh\"\n";
			showEnvVarsInLog = 0;
		};
		C21378B6E644BBC38C12CAAA /* [CP] Check Pods Manifest.lock */ = {
			isa = PBXShellScriptBuildPhase;
			buildActionMask = 2147483647;
			files = (
			);
			inputFileListPaths = (
			);
			inputPaths = (
				"${PODS_PODFILE_DIR_PATH}/Podfile.lock",
				"${PODS_ROOT}/Manifest.lock",
			);
			name = "[CP] Check Pods Manifest.lock";
			outputFileListPaths = (
			);
			outputPaths = (
				"$(DERIVED_FILE_DIR)/Pods-InstagramTests-checkManifestLockResult.txt",
			);
			runOnlyForDeploymentPostprocessing = 0;
			shellPath = /bin/sh;
			shellScript = "diff \"${PODS_PODFILE_DIR_PATH}/Podfile.lock\" \"${PODS_ROOT}/Manifest.lock\" > /dev/null\nif [ $? != 0 ] ; then\n    # print error to STDERR\n    echo \"error: The sandbox is not in sync with the Podfile.lock. Run 'pod install' or update your CocoaPods installation.\" >&2\n    exit 1\nfi\n# This output is used by Xcode 'outputs' to avoid re-running this script phase.\necho \"SUCCESS\" > \"${SCRIPT_OUTPUT_FILE_0}\"\n";
			showEnvVarsInLog = 0;
		};
		D69DB45E42C3EDEC6ABC619D /* [CP] Embed Pods Frameworks */ = {
			isa = PBXShellScriptBuildPhase;
			buildActionMask = 2147483647;
			files = (
			);
			inputFileListPaths = (
				"${PODS_ROOT}/Target Support Files/Pods-Instagram/Pods-Instagram-frameworks-${CONFIGURATION}-input-files.xcfilelist",
			);
			name = "[CP] Embed Pods Frameworks";
			outputFileListPaths = (
				"${PODS_ROOT}/Target Support Files/Pods-Instagram/Pods-Instagram-frameworks-${CONFIGURATION}-output-files.xcfilelist",
			);
			runOnlyForDeploymentPostprocessing = 0;
			shellPath = /bin/sh;
			shellScript = "\"${PODS_ROOT}/Target Support Files/Pods-Instagram/Pods-Instagram-frameworks.sh\"\n";
			showEnvVarsInLog = 0;
		};
/* End PBXShellScriptBuildPhase section */

/* Begin PBXSourcesBuildPhase section */
		471CB69327ED14D300540ACB /* Sources */ = {
			isa = PBXSourcesBuildPhase;
			buildActionMask = 2147483647;
			files = (
				471CB6CB27ED192800540ACB /* LoginViewController.swift in Sources */,
				471CB6CF27ED217C00540ACB /* CameraViewController.swift in Sources */,
				471CB69B27ED14D300540ACB /* AppDelegate.swift in Sources */,
				471CB6CD27ED193400540ACB /* FeedViewController.swift in Sources */,
				471CB69D27ED14D300540ACB /* SceneDelegate.swift in Sources */,
				479256E427ED39FC00DF4A87 /* PostCell.swift in Sources */,
			);
			runOnlyForDeploymentPostprocessing = 0;
		};
		471CB6A927ED14D500540ACB /* Sources */ = {
			isa = PBXSourcesBuildPhase;
			buildActionMask = 2147483647;
			files = (
				471CB6B227ED14D500540ACB /* InstagramTests.swift in Sources */,
			);
			runOnlyForDeploymentPostprocessing = 0;
		};
		471CB6B327ED14D500540ACB /* Sources */ = {
			isa = PBXSourcesBuildPhase;
			buildActionMask = 2147483647;
			files = (
				471CB6BC27ED14D500540ACB /* InstagramUITests.swift in Sources */,
				471CB6BE27ED14D500540ACB /* InstagramUITestsLaunchTests.swift in Sources */,
			);
			runOnlyForDeploymentPostprocessing = 0;
		};
/* End PBXSourcesBuildPhase section */

/* Begin PBXTargetDependency section */
		471CB6AF27ED14D500540ACB /* PBXTargetDependency */ = {
			isa = PBXTargetDependency;
			target = 471CB69627ED14D300540ACB /* Instagram */;
			targetProxy = 471CB6AE27ED14D500540ACB /* PBXContainerItemProxy */;
		};
		471CB6B927ED14D500540ACB /* PBXTargetDependency */ = {
			isa = PBXTargetDependency;
			target = 471CB69627ED14D300540ACB /* Instagram */;
			targetProxy = 471CB6B827ED14D500540ACB /* PBXContainerItemProxy */;
		};
/* End PBXTargetDependency section */

/* Begin PBXVariantGroup section */
		471CB6A027ED14D300540ACB /* Main.storyboard */ = {
			isa = PBXVariantGroup;
			children = (
				471CB6A127ED14D300540ACB /* Base */,
			);
			name = Main.storyboard;
			sourceTree = "<group>";
		};
		471CB6A527ED14D500540ACB /* LaunchScreen.storyboard */ = {
			isa = PBXVariantGroup;
			children = (
				471CB6A627ED14D500540ACB /* Base */,
			);
			name = LaunchScreen.storyboard;
			sourceTree = "<group>";
		};
/* End PBXVariantGroup section */

/* Begin XCBuildConfiguration section */
		471CB6BF27ED14D500540ACB /* Debug */ = {
			isa = XCBuildConfiguration;
			buildSettings = {
				ALWAYS_SEARCH_USER_PATHS = NO;
				CLANG_ANALYZER_NONNULL = YES;
				CLANG_ANALYZER_NUMBER_OBJECT_CONVERSION = YES_AGGRESSIVE;
				CLANG_CXX_LANGUAGE_STANDARD = "gnu++17";
				CLANG_CXX_LIBRARY = "libc++";
				CLANG_ENABLE_MODULES = YES;
				CLANG_ENABLE_OBJC_ARC = YES;
				CLANG_ENABLE_OBJC_WEAK = YES;
				CLANG_WARN_BLOCK_CAPTURE_AUTORELEASING = YES;
				CLANG_WARN_BOOL_CONVERSION = YES;
				CLANG_WARN_COMMA = YES;
				CLANG_WARN_CONSTANT_CONVERSION = YES;
				CLANG_WARN_DEPRECATED_OBJC_IMPLEMENTATIONS = YES;
				CLANG_WARN_DIRECT_OBJC_ISA_USAGE = YES_ERROR;
				CLANG_WARN_DOCUMENTATION_COMMENTS = YES;
				CLANG_WARN_EMPTY_BODY = YES;
				CLANG_WARN_ENUM_CONVERSION = YES;
				CLANG_WARN_INFINITE_RECURSION = YES;
				CLANG_WARN_INT_CONVERSION = YES;
				CLANG_WARN_NON_LITERAL_NULL_CONVERSION = YES;
				CLANG_WARN_OBJC_IMPLICIT_RETAIN_SELF = YES;
				CLANG_WARN_OBJC_LITERAL_CONVERSION = YES;
				CLANG_WARN_OBJC_ROOT_CLASS = YES_ERROR;
				CLANG_WARN_QUOTED_INCLUDE_IN_FRAMEWORK_HEADER = YES;
				CLANG_WARN_RANGE_LOOP_ANALYSIS = YES;
				CLANG_WARN_STRICT_PROTOTYPES = YES;
				CLANG_WARN_SUSPICIOUS_MOVE = YES;
				CLANG_WARN_UNGUARDED_AVAILABILITY = YES_AGGRESSIVE;
				CLANG_WARN_UNREACHABLE_CODE = YES;
				CLANG_WARN__DUPLICATE_METHOD_MATCH = YES;
				COPY_PHASE_STRIP = NO;
				DEBUG_INFORMATION_FORMAT = dwarf;
				ENABLE_STRICT_OBJC_MSGSEND = YES;
				ENABLE_TESTABILITY = YES;
				GCC_C_LANGUAGE_STANDARD = gnu11;
				GCC_DYNAMIC_NO_PIC = NO;
				GCC_NO_COMMON_BLOCKS = YES;
				GCC_OPTIMIZATION_LEVEL = 0;
				GCC_PREPROCESSOR_DEFINITIONS = (
					"DEBUG=1",
					"$(inherited)",
				);
				GCC_WARN_64_TO_32_BIT_CONVERSION = YES;
				GCC_WARN_ABOUT_RETURN_TYPE = YES_ERROR;
				GCC_WARN_UNDECLARED_SELECTOR = YES;
				GCC_WARN_UNINITIALIZED_AUTOS = YES_AGGRESSIVE;
				GCC_WARN_UNUSED_FUNCTION = YES;
				GCC_WARN_UNUSED_VARIABLE = YES;
				IPHONEOS_DEPLOYMENT_TARGET = 15.2;
				MTL_ENABLE_DEBUG_INFO = INCLUDE_SOURCE;
				MTL_FAST_MATH = YES;
				ONLY_ACTIVE_ARCH = YES;
				SDKROOT = iphoneos;
				SWIFT_ACTIVE_COMPILATION_CONDITIONS = DEBUG;
				SWIFT_OPTIMIZATION_LEVEL = "-Onone";
			};
			name = Debug;
		};
		471CB6C027ED14D500540ACB /* Release */ = {
			isa = XCBuildConfiguration;
			buildSettings = {
				ALWAYS_SEARCH_USER_PATHS = NO;
				CLANG_ANALYZER_NONNULL = YES;
				CLANG_ANALYZER_NUMBER_OBJECT_CONVERSION = YES_AGGRESSIVE;
				CLANG_CXX_LANGUAGE_STANDARD = "gnu++17";
				CLANG_CXX_LIBRARY = "libc++";
				CLANG_ENABLE_MODULES = YES;
				CLANG_ENABLE_OBJC_ARC = YES;
				CLANG_ENABLE_OBJC_WEAK = YES;
				CLANG_WARN_BLOCK_CAPTURE_AUTORELEASING = YES;
				CLANG_WARN_BOOL_CONVERSION = YES;
				CLANG_WARN_COMMA = YES;
				CLANG_WARN_CONSTANT_CONVERSION = YES;
				CLANG_WARN_DEPRECATED_OBJC_IMPLEMENTATIONS = YES;
				CLANG_WARN_DIRECT_OBJC_ISA_USAGE = YES_ERROR;
				CLANG_WARN_DOCUMENTATION_COMMENTS = YES;
				CLANG_WARN_EMPTY_BODY = YES;
				CLANG_WARN_ENUM_CONVERSION = YES;
				CLANG_WARN_INFINITE_RECURSION = YES;
				CLANG_WARN_INT_CONVERSION = YES;
				CLANG_WARN_NON_LITERAL_NULL_CONVERSION = YES;
				CLANG_WARN_OBJC_IMPLICIT_RETAIN_SELF = YES;
				CLANG_WARN_OBJC_LITERAL_CONVERSION = YES;
				CLANG_WARN_OBJC_ROOT_CLASS = YES_ERROR;
				CLANG_WARN_QUOTED_INCLUDE_IN_FRAMEWORK_HEADER = YES;
				CLANG_WARN_RANGE_LOOP_ANALYSIS = YES;
				CLANG_WARN_STRICT_PROTOTYPES = YES;
				CLANG_WARN_SUSPICIOUS_MOVE = YES;
				CLANG_WARN_UNGUARDED_AVAILABILITY = YES_AGGRESSIVE;
				CLANG_WARN_UNREACHABLE_CODE = YES;
				CLANG_WARN__DUPLICATE_METHOD_MATCH = YES;
				COPY_PHASE_STRIP = NO;
				DEBUG_INFORMATION_FORMAT = "dwarf-with-dsym";
				ENABLE_NS_ASSERTIONS = NO;
				ENABLE_STRICT_OBJC_MSGSEND = YES;
				GCC_C_LANGUAGE_STANDARD = gnu11;
				GCC_NO_COMMON_BLOCKS = YES;
				GCC_WARN_64_TO_32_BIT_CONVERSION = YES;
				GCC_WARN_ABOUT_RETURN_TYPE = YES_ERROR;
				GCC_WARN_UNDECLARED_SELECTOR = YES;
				GCC_WARN_UNINITIALIZED_AUTOS = YES_AGGRESSIVE;
				GCC_WARN_UNUSED_FUNCTION = YES;
				GCC_WARN_UNUSED_VARIABLE = YES;
				IPHONEOS_DEPLOYMENT_TARGET = 15.2;
				MTL_ENABLE_DEBUG_INFO = NO;
				MTL_FAST_MATH = YES;
				SDKROOT = iphoneos;
				SWIFT_COMPILATION_MODE = wholemodule;
				SWIFT_OPTIMIZATION_LEVEL = "-O";
				VALIDATE_PRODUCT = YES;
			};
			name = Release;
		};
		471CB6C227ED14D500540ACB /* Debug */ = {
			isa = XCBuildConfiguration;
			baseConfigurationReference = 3B5306C1220A096D063348B4 /* Pods-Instagram.debug.xcconfig */;
			buildSettings = {
				ASSETCATALOG_COMPILER_APPICON_NAME = AppIcon;
				ASSETCATALOG_COMPILER_GLOBAL_ACCENT_COLOR_NAME = AccentColor;
				CODE_SIGN_STYLE = Automatic;
				CURRENT_PROJECT_VERSION = 1;
				DEVELOPMENT_TEAM = WVC76KM4G5;
				GENERATE_INFOPLIST_FILE = YES;
				INFOPLIST_FILE = Instagram/Info.plist;
				INFOPLIST_KEY_UIApplicationSupportsIndirectInputEvents = YES;
				INFOPLIST_KEY_UILaunchStoryboardName = LaunchScreen;
				INFOPLIST_KEY_UIMainStoryboardFile = Main;
				INFOPLIST_KEY_UISupportedInterfaceOrientations_iPad = "UIInterfaceOrientationPortrait UIInterfaceOrientationPortraitUpsideDown UIInterfaceOrientationLandscapeLeft UIInterfaceOrientationLandscapeRight";
				INFOPLIST_KEY_UISupportedInterfaceOrientations_iPhone = "UIInterfaceOrientationPortrait UIInterfaceOrientationLandscapeLeft UIInterfaceOrientationLandscapeRight";
				LD_RUNPATH_SEARCH_PATHS = (
					"$(inherited)",
					"@executable_path/Frameworks",
				);
				MARKETING_VERSION = 1.0;
				PRODUCT_BUNDLE_IDENTIFIER = com.kizido.Instagram;
				PRODUCT_NAME = "$(TARGET_NAME)";
				SWIFT_EMIT_LOC_STRINGS = YES;
				SWIFT_VERSION = 5.0;
				TARGETED_DEVICE_FAMILY = "1,2";
			};
			name = Debug;
		};
		471CB6C327ED14D500540ACB /* Release */ = {
			isa = XCBuildConfiguration;
			baseConfigurationReference = 621E7DF5AB82C007B8F792EE /* Pods-Instagram.release.xcconfig */;
			buildSettings = {
				ASSETCATALOG_COMPILER_APPICON_NAME = AppIcon;
				ASSETCATALOG_COMPILER_GLOBAL_ACCENT_COLOR_NAME = AccentColor;
				CODE_SIGN_STYLE = Automatic;
				CURRENT_PROJECT_VERSION = 1;
				DEVELOPMENT_TEAM = WVC76KM4G5;
				GENERATE_INFOPLIST_FILE = YES;
				INFOPLIST_FILE = Instagram/Info.plist;
				INFOPLIST_KEY_UIApplicationSupportsIndirectInputEvents = YES;
				INFOPLIST_KEY_UILaunchStoryboardName = LaunchScreen;
				INFOPLIST_KEY_UIMainStoryboardFile = Main;
				INFOPLIST_KEY_UISupportedInterfaceOrientations_iPad = "UIInterfaceOrientationPortrait UIInterfaceOrientationPortraitUpsideDown UIInterfaceOrientationLandscapeLeft UIInterfaceOrientationLandscapeRight";
				INFOPLIST_KEY_UISupportedInterfaceOrientations_iPhone = "UIInterfaceOrientationPortrait UIInterfaceOrientationLandscapeLeft UIInterfaceOrientationLandscapeRight";
				LD_RUNPATH_SEARCH_PATHS = (
					"$(inherited)",
					"@executable_path/Frameworks",
				);
				MARKETING_VERSION = 1.0;
				PRODUCT_BUNDLE_IDENTIFIER = com.kizido.Instagram;
				PRODUCT_NAME = "$(TARGET_NAME)";
				SWIFT_EMIT_LOC_STRINGS = YES;
				SWIFT_VERSION = 5.0;
				TARGETED_DEVICE_FAMILY = "1,2";
			};
			name = Release;
		};
		471CB6C527ED14D500540ACB /* Debug */ = {
			isa = XCBuildConfiguration;
			baseConfigurationReference = C63B602376437B2158EDB5E1 /* Pods-InstagramTests.debug.xcconfig */;
			buildSettings = {
				ALWAYS_EMBED_SWIFT_STANDARD_LIBRARIES = YES;
				BUNDLE_LOADER = "$(TEST_HOST)";
				CODE_SIGN_STYLE = Automatic;
				CURRENT_PROJECT_VERSION = 1;
				DEVELOPMENT_TEAM = WVC76KM4G5;
				GENERATE_INFOPLIST_FILE = YES;
				IPHONEOS_DEPLOYMENT_TARGET = 15.2;
				MARKETING_VERSION = 1.0;
				PRODUCT_BUNDLE_IDENTIFIER = com.kizido.InstagramTests;
				PRODUCT_NAME = "$(TARGET_NAME)";
				SWIFT_EMIT_LOC_STRINGS = NO;
				SWIFT_VERSION = 5.0;
				TARGETED_DEVICE_FAMILY = "1,2";
				TEST_HOST = "$(BUILT_PRODUCTS_DIR)/Instagram.app/Instagram";
			};
			name = Debug;
		};
		471CB6C627ED14D500540ACB /* Release */ = {
			isa = XCBuildConfiguration;
			baseConfigurationReference = 8391DFDFBBD71683FC57F9B0 /* Pods-InstagramTests.release.xcconfig */;
			buildSettings = {
				ALWAYS_EMBED_SWIFT_STANDARD_LIBRARIES = YES;
				BUNDLE_LOADER = "$(TEST_HOST)";
				CODE_SIGN_STYLE = Automatic;
				CURRENT_PROJECT_VERSION = 1;
				DEVELOPMENT_TEAM = WVC76KM4G5;
				GENERATE_INFOPLIST_FILE = YES;
				IPHONEOS_DEPLOYMENT_TARGET = 15.2;
				MARKETING_VERSION = 1.0;
				PRODUCT_BUNDLE_IDENTIFIER = com.kizido.InstagramTests;
				PRODUCT_NAME = "$(TARGET_NAME)";
				SWIFT_EMIT_LOC_STRINGS = NO;
				SWIFT_VERSION = 5.0;
				TARGETED_DEVICE_FAMILY = "1,2";
				TEST_HOST = "$(BUILT_PRODUCTS_DIR)/Instagram.app/Instagram";
			};
			name = Release;
		};
		471CB6C827ED14D500540ACB /* Debug */ = {
			isa = XCBuildConfiguration;
			baseConfigurationReference = F5285E1DF6180728467E945B /* Pods-Instagram-InstagramUITests.debug.xcconfig */;
			buildSettings = {
				ALWAYS_EMBED_SWIFT_STANDARD_LIBRARIES = YES;
				CODE_SIGN_STYLE = Automatic;
				CURRENT_PROJECT_VERSION = 1;
				DEVELOPMENT_TEAM = WVC76KM4G5;
				GENERATE_INFOPLIST_FILE = YES;
				MARKETING_VERSION = 1.0;
				PRODUCT_BUNDLE_IDENTIFIER = com.kizido.InstagramUITests;
				PRODUCT_NAME = "$(TARGET_NAME)";
				SWIFT_EMIT_LOC_STRINGS = NO;
				SWIFT_VERSION = 5.0;
				TARGETED_DEVICE_FAMILY = "1,2";
				TEST_TARGET_NAME = Instagram;
			};
			name = Debug;
		};
		471CB6C927ED14D500540ACB /* Release */ = {
			isa = XCBuildConfiguration;
			baseConfigurationReference = B9018B11B2D7F598FEBE9576 /* Pods-Instagram-InstagramUITests.release.xcconfig */;
			buildSettings = {
				ALWAYS_EMBED_SWIFT_STANDARD_LIBRARIES = YES;
				CODE_SIGN_STYLE = Automatic;
				CURRENT_PROJECT_VERSION = 1;
				DEVELOPMENT_TEAM = WVC76KM4G5;
				GENERATE_INFOPLIST_FILE = YES;
				MARKETING_VERSION = 1.0;
				PRODUCT_BUNDLE_IDENTIFIER = com.kizido.InstagramUITests;
				PRODUCT_NAME = "$(TARGET_NAME)";
				SWIFT_EMIT_LOC_STRINGS = NO;
				SWIFT_VERSION = 5.0;
				TARGETED_DEVICE_FAMILY = "1,2";
				TEST_TARGET_NAME = Instagram;
			};
			name = Release;
		};
/* End XCBuildConfiguration section */

/* Begin XCConfigurationList section */
		471CB69227ED14D200540ACB /* Build configuration list for PBXProject "Instagram" */ = {
			isa = XCConfigurationList;
			buildConfigurations = (
				471CB6BF27ED14D500540ACB /* Debug */,
				471CB6C027ED14D500540ACB /* Release */,
			);
			defaultConfigurationIsVisible = 0;
			defaultConfigurationName = Release;
		};
		471CB6C127ED14D500540ACB /* Build configuration list for PBXNativeTarget "Instagram" */ = {
			isa = XCConfigurationList;
			buildConfigurations = (
				471CB6C227ED14D500540ACB /* Debug */,
				471CB6C327ED14D500540ACB /* Release */,
			);
			defaultConfigurationIsVisible = 0;
			defaultConfigurationName = Release;
		};
		471CB6C427ED14D500540ACB /* Build configuration list for PBXNativeTarget "InstagramTests" */ = {
			isa = XCConfigurationList;
			buildConfigurations = (
				471CB6C527ED14D500540ACB /* Debug */,
				471CB6C627ED14D500540ACB /* Release */,
			);
			defaultConfigurationIsVisible = 0;
			defaultConfigurationName = Release;
		};
		471CB6C727ED14D500540ACB /* Build configuration list for PBXNativeTarget "InstagramUITests" */ = {
			isa = XCConfigurationList;
			buildConfigurations = (
				471CB6C827ED14D500540ACB /* Debug */,
				471CB6C927ED14D500540ACB /* Release */,
			);
			defaultConfigurationIsVisible = 0;
			defaultConfigurationName = Release;
		};
/* End XCConfigurationList section */
	};
	rootObject = 471CB68F27ED14D200540ACB /* Project object */;
}
